
Microsoft Visual Studio Solution File, Format Version 12.00
# Visual Studio 14
VisualStudioVersion = 14.0.25420.1
MinimumVisualStudioVersion = 10.0.40219.1
Project("{D954291E-2A0B-460D-934E-DC6B0785DB48}") = "GreetingsSAP", "GreetingsSAP\GreetingsSAP\GreetingsSAP.shproj", "{C6BAC5CD-F6AB-4340-887B-75786187B45C}"
EndProject
Project("{FAE04EC0-301F-11D3-BF4B-00C04F79EFBC}") = "GreetingsSAP.Droid", "GreetingsSAP\GreetingsSAP.Droid\GreetingsSAP.Droid.csproj", "{9C37E435-0D15-48CE-A802-E73602076E56}"
EndProject
Project("{FAE04EC0-301F-11D3-BF4B-00C04F79EFBC}") = "GreetingsSAP.iOS", "GreetingsSAP\GreetingsSAP.iOS\GreetingsSAP.iOS.csproj", "{F89C7250-48E0-49E1-AAB1-865F1FEBE02C}"
EndProject
Project("{FAE04EC0-301F-11D3-BF4B-00C04F79EFBC}") = "GreetingsSAP.WinPhone", "GreetingsSAP\GreetingsSAP.WinPhone\GreetingsSAP.WinPhone.csproj", "{2394B317-0B8D-4197-9B67-958E4BFF8264}"
EndProject
Project("{FAE04EC0-301F-11D3-BF4B-00C04F79EFBC}") = "GreetingsSAP.UWP", "GreetingsSAP\GreetingsSAP.UWP\GreetingsSAP.UWP.csproj", "{74394446-3AB6-4411-8A80-BE9613686CEA}"
EndProject
Project("{FAE04EC0-301F-11D3-BF4B-00C04F79EFBC}") = "GreetingsSAP.Windows", "GreetingsSAP\GreetingsSAP.Windows\GreetingsSAP.Windows.csproj", "{1F10A253-31A5-4A10-ADB9-A734632A6AE5}"
EndProject
Global
	GlobalSection(SharedMSBuildProjectFiles) = preSolution
		GreetingsSAP\GreetingsSAP\GreetingsSAP.projitems*{1f10a253-31a5-4a10-adb9-a734632a6ae5}*SharedItemsImports = 4
		GreetingsSAP\GreetingsSAP\GreetingsSAP.projitems*{2394b317-0b8d-4197-9b67-958e4bff8264}*SharedItemsImports = 4
		GreetingsSAP\GreetingsSAP\GreetingsSAP.projitems*{74394446-3ab6-4411-8a80-be9613686cea}*SharedItemsImports = 4
		GreetingsSAP\GreetingsSAP\GreetingsSAP.projitems*{9c37e435-0d15-48ce-a802-e73602076e56}*SharedItemsImports = 4
		GreetingsSAP\GreetingsSAP\GreetingsSAP.projitems*{c6bac5cd-f6ab-4340-887b-75786187b45c}*SharedItemsImports = 13
		GreetingsSAP\GreetingsSAP\GreetingsSAP.projitems*{f89c7250-48e0-49e1-aab1-865f1febe02c}*SharedItemsImports = 4
	EndGlobalSection
	GlobalSection(SolutionConfigurationPlatforms) = preSolution
		Ad-Hoc|Any CPU = Ad-Hoc|Any CPU
		Ad-Hoc|ARM = Ad-Hoc|ARM
		Ad-Hoc|iPhone = Ad-Hoc|iPhone
		Ad-Hoc|iPhoneSimulator = Ad-Hoc|iPhoneSimulator
		Ad-Hoc|x64 = Ad-Hoc|x64
		Ad-Hoc|x86 = Ad-Hoc|x86
		AppStore|Any CPU = AppStore|Any CPU
		AppStore|ARM = AppStore|ARM
		AppStore|iPhone = AppStore|iPhone
		AppStore|iPhoneSimulator = AppStore|iPhoneSimulator
		AppStore|x64 = AppStore|x64
		AppStore|x86 = AppStore|x86
		Debug|Any CPU = Debug|Any CPU
		Debug|ARM = Debug|ARM
		Debug|iPhone = Debug|iPhone
		Debug|iPhoneSimulator = Debug|iPhoneSimulator
		Debug|x64 = Debug|x64
		Debug|x86 = Debug|x86
		Release|Any CPU = Release|Any CPU
		Release|ARM = Release|ARM
		Release|iPhone = Release|iPhone
		Release|iPhoneSimulator = Release|iPhoneSimulator
		Release|x64 = Release|x64
		Release|x86 = Release|x86
	EndGlobalSection
	GlobalSection(ProjectConfigurationPlatforms) = postSolution
		{9C37E435-0D15-48CE-A802-E73602076E56}.Ad-Hoc|Any CPU.ActiveCfg = Release|Any CPU
		{9C37E435-0D15-48CE-A802-E73602076E56}.Ad-Hoc|Any CPU.Build.0 = Release|Any CPU
		{9C37E435-0D15-48CE-A802-E73602076E56}.Ad-Hoc|Any CPU.Deploy.0 = Release|Any CPU
		{9C37E435-0D15-48CE-A802-E73602076E56}.Ad-Hoc|ARM.ActiveCfg = Release|Any CPU
		{9C37E435-0D15-48CE-A802-E73602076E56}.Ad-Hoc|ARM.Build.0 = Release|Any CPU
		{9C37E435-0D15-48CE-A802-E73602076E56}.Ad-Hoc|ARM.Deploy.0 = Release|Any CPU
		{9C37E435-0D15-48CE-A802-E73602076E56}.Ad-Hoc|iPhone.ActiveCfg = Release|Any CPU
		{9C37E435-0D15-48CE-A802-E73602076E56}.Ad-Hoc|iPhone.Build.0 = Release|Any CPU
		{9C37E435-0D15-48CE-A802-E73602076E56}.Ad-Hoc|iPhone.Deploy.0 = Release|Any CPU
		{9C37E435-0D15-48CE-A802-E73602076E56}.Ad-Hoc|iPhoneSimulator.ActiveCfg = Release|Any CPU
		{9C37E435-0D15-48CE-A802-E73602076E56}.Ad-Hoc|iPhoneSimulator.Build.0 = Release|Any CPU
		{9C37E435-0D15-48CE-A802-E73602076E56}.Ad-Hoc|iPhoneSimulator.Deploy.0 = Release|Any CPU
		{9C37E435-0D15-48CE-A802-E73602076E56}.Ad-Hoc|x64.ActiveCfg = Release|Any CPU
		{9C37E435-0D15-48CE-A802-E73602076E56}.Ad-Hoc|x64.Build.0 = Release|Any CPU
		{9C37E435-0D15-48CE-A802-E73602076E56}.Ad-Hoc|x64.Deploy.0 = Release|Any CPU
		{9C37E435-0D15-48CE-A802-E73602076E56}.Ad-Hoc|x86.ActiveCfg = Release|Any CPU
		{9C37E435-0D15-48CE-A802-E73602076E56}.Ad-Hoc|x86.Build.0 = Release|Any CPU
		{9C37E435-0D15-48CE-A802-E73602076E56}.Ad-Hoc|x86.Deploy.0 = Release|Any CPU
		{9C37E435-0D15-48CE-A802-E73602076E56}.AppStore|Any CPU.ActiveCfg = Release|Any CPU
		{9C37E435-0D15-48CE-A802-E73602076E56}.AppStore|Any CPU.Build.0 = Release|Any CPU
		{9C37E435-0D15-48CE-A802-E73602076E56}.AppStore|Any CPU.Deploy.0 = Release|Any CPU
		{9C37E435-0D15-48CE-A802-E73602076E56}.AppStore|ARM.ActiveCfg = Release|Any CPU
		{9C37E435-0D15-48CE-A802-E73602076E56}.AppStore|ARM.Build.0 = Release|Any CPU
		{9C37E435-0D15-48CE-A802-E73602076E56}.AppStore|ARM.Deploy.0 = Release|Any CPU
		{9C37E435-0D15-48CE-A802-E73602076E56}.AppStore|iPhone.ActiveCfg = Release|Any CPU
		{9C37E435-0D15-48CE-A802-E73602076E56}.AppStore|iPhone.Build.0 = Release|Any CPU
		{9C37E435-0D15-48CE-A802-E73602076E56}.AppStore|iPhone.Deploy.0 = Release|Any CPU
		{9C37E435-0D15-48CE-A802-E73602076E56}.AppStore|iPhoneSimulator.ActiveCfg = Release|Any CPU
		{9C37E435-0D15-48CE-A802-E73602076E56}.AppStore|iPhoneSimulator.Build.0 = Release|Any CPU
		{9C37E435-0D15-48CE-A802-E73602076E56}.AppStore|iPhoneSimulator.Deploy.0 = Release|Any CPU
		{9C37E435-0D15-48CE-A802-E73602076E56}.AppStore|x64.ActiveCfg = Release|Any CPU
		{9C37E435-0D15-48CE-A802-E73602076E56}.AppStore|x64.Build.0 = Release|Any CPU
		{9C37E435-0D15-48CE-A802-E73602076E56}.AppStore|x64.Deploy.0 = Release|Any CPU
		{9C37E435-0D15-48CE-A802-E73602076E56}.AppStore|x86.ActiveCfg = Release|Any CPU
		{9C37E435-0D15-48CE-A802-E73602076E56}.AppStore|x86.Build.0 = Release|Any CPU
		{9C37E435-0D15-48CE-A802-E73602076E56}.AppStore|x86.Deploy.0 = Release|Any CPU
		{9C37E435-0D15-48CE-A802-E73602076E56}.Debug|Any CPU.ActiveCfg = Debug|Any CPU
		{9C37E435-0D15-48CE-A802-E73602076E56}.Debug|Any CPU.Build.0 = Debug|Any CPU
		{9C37E435-0D15-48CE-A802-E73602076E56}.Debug|Any CPU.Deploy.0 = Debug|Any CPU
		{9C37E435-0D15-48CE-A802-E73602076E56}.Debug|ARM.ActiveCfg = Debug|Any CPU
		{9C37E435-0D15-48CE-A802-E73602076E56}.Debug|ARM.Build.0 = Debug|Any CPU
		{9C37E435-0D15-48CE-A802-E73602076E56}.Debug|ARM.Deploy.0 = Debug|Any CPU
		{9C37E435-0D15-48CE-A802-E73602076E56}.Debug|iPhone.ActiveCfg = Debug|Any CPU
		{9C37E435-0D15-48CE-A802-E73602076E56}.Debug|iPhone.Build.0 = Debug|Any CPU
		{9C37E435-0D15-48CE-A802-E73602076E56}.Debug|iPhone.Deploy.0 = Debug|Any CPU
		{9C37E435-0D15-48CE-A802-E73602076E56}.Debug|iPhoneSimulator.ActiveCfg = Debug|Any CPU
		{9C37E435-0D15-48CE-A802-E73602076E56}.Debug|iPhoneSimulator.Build.0 = Debug|Any CPU
		{9C37E435-0D15-48CE-A802-E73602076E56}.Debug|iPhoneSimulator.Deploy.0 = Debug|Any CPU
		{9C37E435-0D15-48CE-A802-E73602076E56}.Debug|x64.ActiveCfg = Debug|Any CPU
		{9C37E435-0D15-48CE-A802-E73602076E56}.Debug|x64.Build.0 = Debug|Any CPU
		{9C37E435-0D15-48CE-A802-E73602076E56}.Debug|x64.Deploy.0 = Debug|Any CPU
		{9C37E435-0D15-48CE-A802-E73602076E56}.Debug|x86.ActiveCfg = Debug|Any CPU
		{9C37E435-0D15-48CE-A802-E73602076E56}.Debug|x86.Build.0 = Debug|Any CPU
		{9C37E435-0D15-48CE-A802-E73602076E56}.Debug|x86.Deploy.0 = Debug|Any CPU
		{9C37E435-0D15-48CE-A802-E73602076E56}.Release|Any CPU.ActiveCfg = Release|Any CPU
		{9C37E435-0D15-48CE-A802-E73602076E56}.Release|Any CPU.Build.0 = Release|Any CPU
		{9C37E435-0D15-48CE-A802-E73602076E56}.Release|Any CPU.Deploy.0 = Release|Any CPU
		{9C37E435-0D15-48CE-A802-E73602076E56}.Release|ARM.ActiveCfg = Release|Any CPU
		{9C37E435-0D15-48CE-A802-E73602076E56}.Release|ARM.Build.0 = Release|Any CPU
		{9C37E435-0D15-48CE-A802-E73602076E56}.Release|ARM.Deploy.0 = Release|Any CPU
		{9C37E435-0D15-48CE-A802-E73602076E56}.Release|iPhone.ActiveCfg = Release|Any CPU
		{9C37E435-0D15-48CE-A802-E73602076E56}.Release|iPhone.Build.0 = Release|Any CPU
		{9C37E435-0D15-48CE-A802-E73602076E56}.Release|iPhone.Deploy.0 = Release|Any CPU
		{9C37E435-0D15-48CE-A802-E73602076E56}.Release|iPhoneSimulator.ActiveCfg = Release|Any CPU
		{9C37E435-0D15-48CE-A802-E73602076E56}.Release|iPhoneSimulator.Build.0 = Release|Any CPU
		{9C37E435-0D15-48CE-A802-E73602076E56}.Release|iPhoneSimulator.Deploy.0 = Release|Any CPU
		{9C37E435-0D15-48CE-A802-E73602076E56}.Release|x64.ActiveCfg = Release|Any CPU
		{9C37E435-0D15-48CE-A802-E73602076E56}.Release|x64.Build.0 = Release|Any CPU
		{9C37E435-0D15-48CE-A802-E73602076E56}.Release|x64.Deploy.0 = Release|Any CPU
		{9C37E435-0D15-48CE-A802-E73602076E56}.Release|x86.ActiveCfg = Release|Any CPU
		{9C37E435-0D15-48CE-A802-E73602076E56}.Release|x86.Build.0 = Release|Any CPU
		{9C37E435-0D15-48CE-A802-E73602076E56}.Release|x86.Deploy.0 = Release|Any CPU
		{F89C7250-48E0-49E1-AAB1-865F1FEBE02C}.Ad-Hoc|Any CPU.ActiveCfg = Ad-Hoc|iPhone
		{F89C7250-48E0-49E1-AAB1-865F1FEBE02C}.Ad-Hoc|ARM.ActiveCfg = Ad-Hoc|iPhone
		{F89C7250-48E0-49E1-AAB1-865F1FEBE02C}.Ad-Hoc|iPhone.ActiveCfg = Ad-Hoc|iPhone
		{F89C7250-48E0-49E1-AAB1-865F1FEBE02C}.Ad-Hoc|iPhone.Build.0 = Ad-Hoc|iPhone
		{F89C7250-48E0-49E1-AAB1-865F1FEBE02C}.Ad-Hoc|iPhoneSimulator.ActiveCfg = Ad-Hoc|iPhoneSimulator
		{F89C7250-48E0-49E1-AAB1-865F1FEBE02C}.Ad-Hoc|iPhoneSimulator.Build.0 = Ad-Hoc|iPhoneSimulator
		{F89C7250-48E0-49E1-AAB1-865F1FEBE02C}.Ad-Hoc|x64.ActiveCfg = Ad-Hoc|iPhone
		{F89C7250-48E0-49E1-AAB1-865F1FEBE02C}.Ad-Hoc|x86.ActiveCfg = Ad-Hoc|iPhone
		{F89C7250-48E0-49E1-AAB1-865F1FEBE02C}.AppStore|Any CPU.ActiveCfg = AppStore|iPhone
		{F89C7250-48E0-49E1-AAB1-865F1FEBE02C}.AppStore|ARM.ActiveCfg = AppStore|iPhone
		{F89C7250-48E0-49E1-AAB1-865F1FEBE02C}.AppStore|iPhone.ActiveCfg = AppStore|iPhone
		{F89C7250-48E0-49E1-AAB1-865F1FEBE02C}.AppStore|iPhone.Build.0 = AppStore|iPhone
		{F89C7250-48E0-49E1-AAB1-865F1FEBE02C}.AppStore|iPhoneSimulator.ActiveCfg = AppStore|iPhoneSimulator
		{F89C7250-48E0-49E1-AAB1-865F1FEBE02C}.AppStore|iPhoneSimulator.Build.0 = AppStore|iPhoneSimulator
		{F89C7250-48E0-49E1-AAB1-865F1FEBE02C}.AppStore|x64.ActiveCfg = AppStore|iPhone
		{F89C7250-48E0-49E1-AAB1-865F1FEBE02C}.AppStore|x86.ActiveCfg = AppStore|iPhone
		{F89C7250-48E0-49E1-AAB1-865F1FEBE02C}.Debug|Any CPU.ActiveCfg = Debug|iPhone
		{F89C7250-48E0-49E1-AAB1-865F1FEBE02C}.Debug|ARM.ActiveCfg = Debug|iPhone
		{F89C7250-48E0-49E1-AAB1-865F1FEBE02C}.Debug|iPhone.ActiveCfg = Debug|iPhone
		{F89C7250-48E0-49E1-AAB1-865F1FEBE02C}.Debug|iPhone.Build.0 = Debug|iPhone
		{F89C7250-48E0-49E1-AAB1-865F1FEBE02C}.Debug|iPhoneSimulator.ActiveCfg = Debug|iPhoneSimulator
		{F89C7250-48E0-49E1-AAB1-865F1FEBE02C}.Debug|iPhoneSimulator.Build.0 = Debug|iPhoneSimulator
		{F89C7250-48E0-49E1-AAB1-865F1FEBE02C}.Debug|x64.ActiveCfg = Debug|iPhone
		{F89C7250-48E0-49E1-AAB1-865F1FEBE02C}.Debug|x86.ActiveCfg = Debug|iPhone
		{F89C7250-48E0-49E1-AAB1-865F1FEBE02C}.Release|Any CPU.ActiveCfg = Release|iPhone
		{F89C7250-48E0-49E1-AAB1-865F1FEBE02C}.Release|ARM.ActiveCfg = Release|iPhone
		{F89C7250-48E0-49E1-AAB1-865F1FEBE02C}.Release|iPhone.ActiveCfg = Release|iPhone
		{F89C7250-48E0-49E1-AAB1-865F1FEBE02C}.Release|iPhone.Build.0 = Release|iPhone
		{F89C7250-48E0-49E1-AAB1-865F1FEBE02C}.Release|iPhoneSimulator.ActiveCfg = Release|iPhoneSimulator
		{F89C7250-48E0-49E1-AAB1-865F1FEBE02C}.Release|iPhoneSimulator.Build.0 = Release|iPhoneSimulator
		{F89C7250-48E0-49E1-AAB1-865F1FEBE02C}.Release|x64.ActiveCfg = Release|iPhone
		{F89C7250-48E0-49E1-AAB1-865F1FEBE02C}.Release|x86.ActiveCfg = Release|iPhone
		{2394B317-0B8D-4197-9B67-958E4BFF8264}.Ad-Hoc|Any CPU.ActiveCfg = Release|Any CPU
		{2394B317-0B8D-4197-9B67-958E4BFF8264}.Ad-Hoc|Any CPU.Build.0 = Release|Any CPU
		{2394B317-0B8D-4197-9B67-958E4BFF8264}.Ad-Hoc|Any CPU.Deploy.0 = Release|Any CPU
		{2394B317-0B8D-4197-9B67-958E4BFF8264}.Ad-Hoc|ARM.ActiveCfg = Release|ARM
		{2394B317-0B8D-4197-9B67-958E4BFF8264}.Ad-Hoc|ARM.Build.0 = Release|ARM
		{2394B317-0B8D-4197-9B67-958E4BFF8264}.Ad-Hoc|ARM.Deploy.0 = Release|ARM
		{2394B317-0B8D-4197-9B67-958E4BFF8264}.Ad-Hoc|iPhone.ActiveCfg = Release|Any CPU
		{2394B317-0B8D-4197-9B67-958E4BFF8264}.Ad-Hoc|iPhone.Build.0 = Release|Any CPU
		{2394B317-0B8D-4197-9B67-958E4BFF8264}.Ad-Hoc|iPhone.Deploy.0 = Release|Any CPU
		{2394B317-0B8D-4197-9B67-958E4BFF8264}.Ad-Hoc|iPhoneSimulator.ActiveCfg = Release|Any CPU
		{2394B317-0B8D-4197-9B67-958E4BFF8264}.Ad-Hoc|iPhoneSimulator.Build.0 = Release|Any CPU
		{2394B317-0B8D-4197-9B67-958E4BFF8264}.Ad-Hoc|iPhoneSimulator.Deploy.0 = Release|Any CPU
		{2394B317-0B8D-4197-9B67-958E4BFF8264}.Ad-Hoc|x64.ActiveCfg = Release|Any CPU
		{2394B317-0B8D-4197-9B67-958E4BFF8264}.Ad-Hoc|x64.Build.0 = Release|Any CPU
		{2394B317-0B8D-4197-9B67-958E4BFF8264}.Ad-Hoc|x64.Deploy.0 = Release|Any CPU
		{2394B317-0B8D-4197-9B67-958E4BFF8264}.Ad-Hoc|x86.ActiveCfg = Release|x86
		{2394B317-0B8D-4197-9B67-958E4BFF8264}.Ad-Hoc|x86.Build.0 = Release|x86
		{2394B317-0B8D-4197-9B67-958E4BFF8264}.Ad-Hoc|x86.Deploy.0 = Release|x86
		{2394B317-0B8D-4197-9B67-958E4BFF8264}.AppStore|Any CPU.ActiveCfg = Release|Any CPU
		{2394B317-0B8D-4197-9B67-958E4BFF8264}.AppStore|Any CPU.Build.0 = Release|Any CPU
		{2394B317-0B8D-4197-9B67-958E4BFF8264}.AppStore|Any CPU.Deploy.0 = Release|Any CPU
		{2394B317-0B8D-4197-9B67-958E4BFF8264}.AppStore|ARM.ActiveCfg = Release|ARM
		{2394B317-0B8D-4197-9B67-958E4BFF8264}.AppStore|ARM.Build.0 = Release|ARM
		{2394B317-0B8D-4197-9B67-958E4BFF8264}.AppStore|ARM.Deploy.0 = Release|ARM
		{2394B317-0B8D-4197-9B67-958E4BFF8264}.AppStore|iPhone.ActiveCfg = Release|Any CPU
		{2394B317-0B8D-4197-9B67-958E4BFF8264}.AppStore|iPhone.Build.0 = Release|Any CPU
		{2394B317-0B8D-4197-9B67-958E4BFF8264}.AppStore|iPhone.Deploy.0 = Release|Any CPU
		{2394B317-0B8D-4197-9B67-958E4BFF8264}.AppStore|iPhoneSimulator.ActiveCfg = Release|Any CPU
		{2394B317-0B8D-4197-9B67-958E4BFF8264}.AppStore|iPhoneSimulator.Build.0 = Release|Any CPU
		{2394B317-0B8D-4197-9B67-958E4BFF8264}.AppStore|iPhoneSimulator.Deploy.0 = Release|Any CPU
		{2394B317-0B8D-4197-9B67-958E4BFF8264}.AppStore|x64.ActiveCfg = Release|Any CPU
		{2394B317-0B8D-4197-9B67-958E4BFF8264}.AppStore|x64.Build.0 = Release|Any CPU
		{2394B317-0B8D-4197-9B67-958E4BFF8264}.AppStore|x64.Deploy.0 = Release|Any CPU
		{2394B317-0B8D-4197-9B67-958E4BFF8264}.AppStore|x86.ActiveCfg = Release|x86
		{2394B317-0B8D-4197-9B67-958E4BFF8264}.AppStore|x86.Build.0 = Release|x86
		{2394B317-0B8D-4197-9B67-958E4BFF8264}.AppStore|x86.Deploy.0 = Release|x86
		{2394B317-0B8D-4197-9B67-958E4BFF8264}.Debug|Any CPU.ActiveCfg = Debug|Any CPU
		{2394B317-0B8D-4197-9B67-958E4BFF8264}.Debug|Any CPU.Build.0 = Debug|Any CPU
		{2394B317-0B8D-4197-9B67-958E4BFF8264}.Debug|Any CPU.Deploy.0 = Debug|Any CPU
		{2394B317-0B8D-4197-9B67-958E4BFF8264}.Debug|ARM.ActiveCfg = Debug|ARM
		{2394B317-0B8D-4197-9B67-958E4BFF8264}.Debug|ARM.Build.0 = Debug|ARM
		{2394B317-0B8D-4197-9B67-958E4BFF8264}.Debug|ARM.Deploy.0 = Debug|ARM
		{2394B317-0B8D-4197-9B67-958E4BFF8264}.Debug|iPhone.ActiveCfg = Debug|Any CPU
		{2394B317-0B8D-4197-9B67-958E4BFF8264}.Debug|iPhone.Build.0 = Debug|Any CPU
		{2394B317-0B8D-4197-9B67-958E4BFF8264}.Debug|iPhone.Deploy.0 = Debug|Any CPU
		{2394B317-0B8D-4197-9B67-958E4BFF8264}.Debug|iPhoneSimulator.ActiveCfg = Debug|Any CPU
		{2394B317-0B8D-4197-9B67-958E4BFF8264}.Debug|iPhoneSimulator.Build.0 = Debug|Any CPU
		{2394B317-0B8D-4197-9B67-958E4BFF8264}.Debug|iPhoneSimulator.Deploy.0 = Debug|Any CPU
		{2394B317-0B8D-4197-9B67-958E4BFF8264}.Debug|x64.ActiveCfg = Debug|Any CPU
		{2394B317-0B8D-4197-9B67-958E4BFF8264}.Debug|x64.Build.0 = Debug|Any CPU
		{2394B317-0B8D-4197-9B67-958E4BFF8264}.Debug|x64.Deploy.0 = Debug|Any CPU
		{2394B317-0B8D-4197-9B67-958E4BFF8264}.Debug|x86.ActiveCfg = Debug|x86
		{2394B317-0B8D-4197-9B67-958E4BFF8264}.Debug|x86.Build.0 = Debug|x86
		{2394B317-0B8D-4197-9B67-958E4BFF8264}.Debug|x86.Deploy.0 = Debug|x86
		{2394B317-0B8D-4197-9B67-958E4BFF8264}.Release|Any CPU.ActiveCfg = Release|Any CPU
		{2394B317-0B8D-4197-9B67-958E4BFF8264}.Release|Any CPU.Build.0 = Release|Any CPU
		{2394B317-0B8D-4197-9B67-958E4BFF8264}.Release|Any CPU.Deploy.0 = Release|Any CPU
		{2394B317-0B8D-4197-9B67-958E4BFF8264}.Release|ARM.ActiveCfg = Release|ARM
		{2394B317-0B8D-4197-9B67-958E4BFF8264}.Release|ARM.Build.0 = Release|ARM
		{2394B317-0B8D-4197-9B67-958E4BFF8264}.Release|ARM.Deploy.0 = Release|ARM
		{2394B317-0B8D-4197-9B67-958E4BFF8264}.Release|iPhone.ActiveCfg = Release|Any CPU
		{2394B317-0B8D-4197-9B67-958E4BFF8264}.Release|iPhone.Build.0 = Release|Any CPU
		{2394B317-0B8D-4197-9B67-958E4BFF8264}.Release|iPhone.Deploy.0 = Release|Any CPU
		{2394B317-0B8D-4197-9B67-958E4BFF8264}.Release|iPhoneSimulator.ActiveCfg = Release|Any CPU
		{2394B317-0B8D-4197-9B67-958E4BFF8264}.Release|iPhoneSimulator.Build.0 = Release|Any CPU
		{2394B317-0B8D-4197-9B67-958E4BFF8264}.Release|iPhoneSimulator.Deploy.0 = Release|Any CPU
		{2394B317-0B8D-4197-9B67-958E4BFF8264}.Release|x64.ActiveCfg = Release|Any CPU
		{2394B317-0B8D-4197-9B67-958E4BFF8264}.Release|x64.Build.0 = Release|Any CPU
		{2394B317-0B8D-4197-9B67-958E4BFF8264}.Release|x64.Deploy.0 = Release|Any CPU
		{2394B317-0B8D-4197-9B67-958E4BFF8264}.Release|x86.ActiveCfg = Release|x86
		{2394B317-0B8D-4197-9B67-958E4BFF8264}.Release|x86.Build.0 = Release|x86
		{2394B317-0B8D-4197-9B67-958E4BFF8264}.Release|x86.Deploy.0 = Release|x86
		{74394446-3AB6-4411-8A80-BE9613686CEA}.Ad-Hoc|Any CPU.ActiveCfg = Release|x86
		{74394446-3AB6-4411-8A80-BE9613686CEA}.Ad-Hoc|Any CPU.Build.0 = Release|x86
		{74394446-3AB6-4411-8A80-BE9613686CEA}.Ad-Hoc|Any CPU.Deploy.0 = Release|x86
		{74394446-3AB6-4411-8A80-BE9613686CEA}.Ad-Hoc|ARM.ActiveCfg = Release|ARM
		{74394446-3AB6-4411-8A80-BE9613686CEA}.Ad-Hoc|ARM.Build.0 = Release|ARM
		{74394446-3AB6-4411-8A80-BE9613686CEA}.Ad-Hoc|ARM.Deploy.0 = Release|ARM
		{74394446-3AB6-4411-8A80-BE9613686CEA}.Ad-Hoc|iPhone.ActiveCfg = Release|x86
		{74394446-3AB6-4411-8A80-BE9613686CEA}.Ad-Hoc|iPhone.Build.0 = Release|x86
		{74394446-3AB6-4411-8A80-BE9613686CEA}.Ad-Hoc|iPhone.Deploy.0 = Release|x86
		{74394446-3AB6-4411-8A80-BE9613686CEA}.Ad-Hoc|iPhoneSimulator.ActiveCfg = Release|x86
		{74394446-3AB6-4411-8A80-BE9613686CEA}.Ad-Hoc|iPhoneSimulator.Build.0 = Release|x86
		{74394446-3AB6-4411-8A80-BE9613686CEA}.Ad-Hoc|iPhoneSimulator.Deploy.0 = Release|x86
		{74394446-3AB6-4411-8A80-BE9613686CEA}.Ad-Hoc|x64.ActiveCfg = Release|x64
		{74394446-3AB6-4411-8A80-BE9613686CEA}.Ad-Hoc|x64.Build.0 = Release|x64
		{74394446-3AB6-4411-8A80-BE9613686CEA}.Ad-Hoc|x64.Deploy.0 = Release|x64
		{74394446-3AB6-4411-8A80-BE9613686CEA}.Ad-Hoc|x86.ActiveCfg = Release|x86
		{74394446-3AB6-4411-8A80-BE9613686CEA}.Ad-Hoc|x86.Build.0 = Release|x86
		{74394446-3AB6-4411-8A80-BE9613686CEA}.Ad-Hoc|x86.Deploy.0 = Release|x86
		{74394446-3AB6-4411-8A80-BE9613686CEA}.AppStore|Any CPU.ActiveCfg = Release|x86
		{74394446-3AB6-4411-8A80-BE9613686CEA}.AppStore|Any CPU.Build.0 = Release|x86
		{74394446-3AB6-4411-8A80-BE9613686CEA}.AppStore|Any CPU.Deploy.0 = Release|x86
		{74394446-3AB6-4411-8A80-BE9613686CEA}.AppStore|ARM.ActiveCfg = Release|ARM
		{74394446-3AB6-4411-8A80-BE9613686CEA}.AppStore|ARM.Build.0 = Release|ARM
		{74394446-3AB6-4411-8A80-BE9613686CEA}.AppStore|ARM.Deploy.0 = Release|ARM
		{74394446-3AB6-4411-8A80-BE9613686CEA}.AppStore|iPhone.ActiveCfg = Release|x86
		{74394446-3AB6-4411-8A80-BE9613686CEA}.AppStore|iPhone.Build.0 = Release|x86
		{74394446-3AB6-4411-8A80-BE9613686CEA}.AppStore|iPhone.Deploy.0 = Release|x86
		{74394446-3AB6-4411-8A80-BE9613686CEA}.AppStore|iPhoneSimulator.ActiveCfg = Release|x86
		{74394446-3AB6-4411-8A80-BE9613686CEA}.AppStore|iPhoneSimulator.Build.0 = Release|x86
		{74394446-3AB6-4411-8A80-BE9613686CEA}.AppStore|iPhoneSimulator.Deploy.0 = Release|x86
		{74394446-3AB6-4411-8A80-BE9613686CEA}.AppStore|x64.ActiveCfg = Release|x64
		{74394446-3AB6-4411-8A80-BE9613686CEA}.AppStore|x64.Build.0 = Release|x64
		{74394446-3AB6-4411-8A80-BE9613686CEA}.AppStore|x64.Deploy.0 = Release|x64
		{74394446-3AB6-4411-8A80-BE9613686CEA}.AppStore|x86.ActiveCfg = Release|x86
		{74394446-3AB6-4411-8A80-BE9613686CEA}.AppStore|x86.Build.0 = Release|x86
		{74394446-3AB6-4411-8A80-BE9613686CEA}.AppStore|x86.Deploy.0 = Release|x86
		{74394446-3AB6-4411-8A80-BE9613686CEA}.Debug|Any CPU.ActiveCfg = Debug|x86
		{74394446-3AB6-4411-8A80-BE9613686CEA}.Debug|ARM.ActiveCfg = Debug|ARM
		{74394446-3AB6-4411-8A80-BE9613686CEA}.Debug|ARM.Build.0 = Debug|ARM
		{74394446-3AB6-4411-8A80-BE9613686CEA}.Debug|ARM.Deploy.0 = Debug|ARM
		{74394446-3AB6-4411-8A80-BE9613686CEA}.Debug|iPhone.ActiveCfg = Debug|x86
		{74394446-3AB6-4411-8A80-BE9613686CEA}.Debug|iPhoneSimulator.ActiveCfg = Debug|x86
		{74394446-3AB6-4411-8A80-BE9613686CEA}.Debug|x64.ActiveCfg = Debug|x64
		{74394446-3AB6-4411-8A80-BE9613686CEA}.Debug|x64.Build.0 = Debug|x64
		{74394446-3AB6-4411-8A80-BE9613686CEA}.Debug|x64.Deploy.0 = Debug|x64
		{74394446-3AB6-4411-8A80-BE9613686CEA}.Debug|x86.ActiveCfg = Debug|x86
		{74394446-3AB6-4411-8A80-BE9613686CEA}.Debug|x86.Build.0 = Debug|x86
		{74394446-3AB6-4411-8A80-BE9613686CEA}.Debug|x86.Deploy.0 = Debug|x86
		{74394446-3AB6-4411-8A80-BE9613686CEA}.Release|Any CPU.ActiveCfg = Release|x86
		{74394446-3AB6-4411-8A80-BE9613686CEA}.Release|ARM.ActiveCfg = Release|ARM
		{74394446-3AB6-4411-8A80-BE9613686CEA}.Release|ARM.Build.0 = Release|ARM
		{74394446-3AB6-4411-8A80-BE9613686CEA}.Release|ARM.Deploy.0 = Release|ARM
		{74394446-3AB6-4411-8A80-BE9613686CEA}.Release|iPhone.ActiveCfg = Release|x86
		{74394446-3AB6-4411-8A80-BE9613686CEA}.Release|iPhoneSimulator.ActiveCfg = Release|x86
		{74394446-3AB6-4411-8A80-BE9613686CEA}.Release|x64.ActiveCfg = Release|x64
		{74394446-3AB6-4411-8A80-BE9613686CEA}.Release|x64.Build.0 = Release|x64
		{74394446-3AB6-4411-8A80-BE9613686CEA}.Release|x64.Deploy.0 = Release|x64
		{74394446-3AB6-4411-8A80-BE9613686CEA}.Release|x86.ActiveCfg = Release|x86
		{74394446-3AB6-4411-8A80-BE9613686CEA}.Release|x86.Build.0 = Release|x86
		{74394446-3AB6-4411-8A80-BE9613686CEA}.Release|x86.Deploy.0 = Release|x86
		{1F10A253-31A5-4A10-ADB9-A734632A6AE5}.Ad-Hoc|Any CPU.ActiveCfg = Release|Any CPU
		{1F10A253-31A5-4A10-ADB9-A734632A6AE5}.Ad-Hoc|Any CPU.Build.0 = Release|Any CPU
		{1F10A253-31A5-4A10-ADB9-A734632A6AE5}.Ad-Hoc|Any CPU.Deploy.0 = Release|Any CPU
		{1F10A253-31A5-4A10-ADB9-A734632A6AE5}.Ad-Hoc|ARM.ActiveCfg = Release|ARM
		{1F10A253-31A5-4A10-ADB9-A734632A6AE5}.Ad-Hoc|ARM.Build.0 = Release|ARM
		{1F10A253-31A5-4A10-ADB9-A734632A6AE5}.Ad-Hoc|ARM.Deploy.0 = Release|ARM
		{1F10A253-31A5-4A10-ADB9-A734632A6AE5}.Ad-Hoc|iPhone.ActiveCfg = Release|Any CPU
		{1F10A253-31A5-4A10-ADB9-A734632A6AE5}.Ad-Hoc|iPhone.Build.0 = Release|Any CPU
		{1F10A253-31A5-4A10-ADB9-A734632A6AE5}.Ad-Hoc|iPhone.Deploy.0 = Release|Any CPU
		{1F10A253-31A5-4A10-ADB9-A734632A6AE5}.Ad-Hoc|iPhoneSimulator.ActiveCfg = Release|Any CPU
		{1F10A253-31A5-4A10-ADB9-A734632A6AE5}.Ad-Hoc|iPhoneSimulator.Build.0 = Release|Any CPU
		{1F10A253-31A5-4A10-ADB9-A734632A6AE5}.Ad-Hoc|iPhoneSimulator.Deploy.0 = Release|Any CPU
		{1F10A253-31A5-4A10-ADB9-A734632A6AE5}.Ad-Hoc|x64.ActiveCfg = Release|x64
		{1F10A253-31A5-4A10-ADB9-A734632A6AE5}.Ad-Hoc|x64.Build.0 = Release|x64
		{1F10A253-31A5-4A10-ADB9-A734632A6AE5}.Ad-Hoc|x64.Deploy.0 = Release|x64
		{1F10A253-31A5-4A10-ADB9-A734632A6AE5}.Ad-Hoc|x86.ActiveCfg = Release|x86
		{1F10A253-31A5-4A10-ADB9-A734632A6AE5}.Ad-Hoc|x86.Build.0 = Release|x86
		{1F10A253-31A5-4A10-ADB9-A734632A6AE5}.Ad-Hoc|x86.Deploy.0 = Release|x86
		{1F10A253-31A5-4A10-ADB9-A734632A6AE5}.AppStore|Any CPU.ActiveCfg = Release|Any CPU
		{1F10A253-31A5-4A10-ADB9-A734632A6AE5}.AppStore|Any CPU.Build.0 = Release|Any CPU
		{1F10A253-31A5-4A10-ADB9-A734632A6AE5}.AppStore|Any CPU.Deploy.0 = Release|Any CPU
		{1F10A253-31A5-4A10-ADB9-A734632A6AE5}.AppStore|ARM.ActiveCfg = Release|ARM
		{1F10A253-31A5-4A10-ADB9-A734632A6AE5}.AppStore|ARM.Build.0 = Release|ARM
		{1F10A253-31A5-4A10-ADB9-A734632A6AE5}.AppStore|ARM.Deploy.0 = Release|ARM
		{1F10A253-31A5-4A10-ADB9-A734632A6AE5}.AppStore|iPhone.ActiveCfg = Release|Any CPU
		{1F10A253-31A5-4A10-ADB9-A734632A6AE5}.AppStore|iPhone.Build.0 = Release|Any CPU
		{1F10A253-31A5-4A10-ADB9-A734632A6AE5}.AppStore|iPhone.Deploy.0 = Release|Any CPU
		{1F10A253-31A5-4A10-ADB9-A734632A6AE5}.AppStore|iPhoneSimulator.ActiveCfg = Release|Any CPU
		{1F10A253-31A5-4A10-ADB9-A734632A6AE5}.AppStore|iPhoneSimulator.Build.0 = Release|Any CPU
		{1F10A253-31A5-4A10-ADB9-A734632A6AE5}.AppStore|iPhoneSimulator.Deploy.0 = Release|Any CPU
		{1F10A253-31A5-4A10-ADB9-A734632A6AE5}.AppStore|x64.ActiveCfg = Release|x64
		{1F10A253-31A5-4A10-ADB9-A734632A6AE5}.AppStore|x64.Build.0 = Release|x64
		{1F10A253-31A5-4A10-ADB9-A734632A6AE5}.AppStore|x64.Deploy.0 = Release|x64
		{1F10A253-31A5-4A10-ADB9-A734632A6AE5}.AppStore|x86.ActiveCfg = Release|x86
		{1F10A253-31A5-4A10-ADB9-A734632A6AE5}.AppStore|x86.Build.0 = Release|x86
		{1F10A253-31A5-4A10-ADB9-A734632A6AE5}.AppStore|x86.Deploy.0 = Release|x86
		{1F10A253-31A5-4A10-ADB9-A734632A6AE5}.Debug|Any CPU.ActiveCfg = Debug|Any CPU
		{1F10A253-31A5-4A10-ADB9-A734632A6AE5}.Debug|Any CPU.Build.0 = Debug|Any CPU
		{1F10A253-31A5-4A10-ADB9-A734632A6AE5}.Debug|Any CPU.Deploy.0 = Debug|Any CPU
		{1F10A253-31A5-4A10-ADB9-A734632A6AE5}.Debug|ARM.ActiveCfg = Debug|ARM
		{1F10A253-31A5-4A10-ADB9-A734632A6AE5}.Debug|ARM.Build.0 = Debug|ARM
		{1F10A253-31A5-4A10-ADB9-A734632A6AE5}.Debug|ARM.Deploy.0 = Debug|ARM
		{1F10A253-31A5-4A10-ADB9-A734632A6AE5}.Debug|iPhone.ActiveCfg = Debug|Any CPU
		{1F10A253-31A5-4A10-ADB9-A734632A6AE5}.Debug|iPhone.Build.0 = Debug|Any CPU
		{1F10A253-31A5-4A10-ADB9-A734632A6AE5}.Debug|iPhone.Deploy.0 = Debug|Any CPU
		{1F10A253-31A5-4A10-ADB9-A734632A6AE5}.Debug|iPhoneSimulator.ActiveCfg = Debug|Any CPU
		{1F10A253-31A5-4A10-ADB9-A734632A6AE5}.Debug|iPhoneSimulator.Build.0 = Debug|Any CPU
		{1F10A253-31A5-4A10-ADB9-A734632A6AE5}.Debug|iPhoneSimulator.Deploy.0 = Debug|Any CPU
		{1F10A253-31A5-4A10-ADB9-A734632A6AE5}.Debug|x64.ActiveCfg = Debug|x64
		{1F10A253-31A5-4A10-ADB9-A734632A6AE5}.Debug|x64.Build.0 = Debug|x64
		{1F10A253-31A5-4A10-ADB9-A734632A6AE5}.Debug|x64.Deploy.0 = Debug|x64
		{1F10A253-31A5-4A10-ADB9-A734632A6AE5}.Debug|x86.ActiveCfg = Debug|x86
		{1F10A253-31A5-4A10-ADB9-A734632A6AE5}.Debug|x86.Build.0 = Debug|x86
		{1F10A253-31A5-4A10-ADB9-A734632A6AE5}.Debug|x86.Deploy.0 = Debug|x86
		{1F10A253-31A5-4A10-ADB9-A734632A6AE5}.Release|Any CPU.ActiveCfg = Release|Any CPU
		{1F10A253-31A5-4A10-ADB9-A734632A6AE5}.Release|Any CPU.Build.0 = Release|Any CPU
		{1F10A253-31A5-4A10-ADB9-A734632A6AE5}.Release|Any CPU.Deploy.0 = Release|Any CPU
		{1F10A253-31A5-4A10-ADB9-A734632A6AE5}.Release|ARM.ActiveCfg = Release|ARM
		{1F10A253-31A5-4A10-ADB9-A734632A6AE5}.Release|ARM.Build.0 = Release|ARM
		{1F10A253-31A5-4A10-ADB9-A734632A6AE5}.Release|ARM.Deploy.0 = Release|ARM
		{1F10A253-31A5-4A10-ADB9-A734632A6AE5}.Release|iPhone.ActiveCfg = Release|Any CPU
		{1F10A253-31A5-4A10-ADB9-A734632A6AE5}.Release|iPhone.Build.0 = Release|Any CPU
		{1F10A253-31A5-4A10-ADB9-A734632A6AE5}.Release|iPhone.Deploy.0 = Release|Any CPU
		{1F10A253-31A5-4A10-ADB9-A734632A6AE5}.Release|iPhoneSimulator.ActiveCfg = Release|Any CPU
		{1F10A253-31A5-4A10-ADB9-A734632A6AE5}.Release|iPhoneSimulator.Build.0 = Release|Any CPU
		{1F10A253-31A5-4A10-ADB9-A734632A6AE5}.Release|iPhoneSimulator.Deploy.0 = Release|Any CPU
		{1F10A253-31A5-4A10-ADB9-A734632A6AE5}.Release|x64.ActiveCfg = Release|x64
		{1F10A253-31A5-4A10-ADB9-A734632A6AE5}.Release|x64.Build.0 = Release|x64
		{1F10A253-31A5-4A10-ADB9-A734632A6AE5}.Release|x64.Deploy.0 = Release|x64
		{1F10A253-31A5-4A10-ADB9-A734632A6AE5}.Release|x86.ActiveCfg = Release|x86
		{1F10A253-31A5-4A10-ADB9-A734632A6AE5}.Release|x86.Build.0 = Release|x86
		{1F10A253-31A5-4A10-ADB9-A734632A6AE5}.Release|x86.Deploy.0 = Release|x86
	EndGlobalSection
	GlobalSection(SolutionProperties) = preSolution
		HideSolutionNode = FALSE
	EndGlobalSection
EndGlobal
