
Microsoft Visual Studio Solution File, Format Version 12.00
# Visual Studio 14
VisualStudioVersion = 14.0.25420.1
MinimumVisualStudioVersion = 10.0.40219.1
Project("{FAE04EC0-301F-11D3-BF4B-00C04F79EFBC}") = "XamarinPCL", "XamarinPCL\XamarinPCL\XamarinPCL.csproj", "{1D218E0E-F8F2-4FD9-8D6F-6FC56277274F}"
EndProject
Project("{FAE04EC0-301F-11D3-BF4B-00C04F79EFBC}") = "XamarinPCL.Droid", "XamarinPCL\XamarinPCL.Droid\XamarinPCL.Droid.csproj", "{407291AC-7415-4F06-B09C-610E033C8818}"
EndProject
Project("{FAE04EC0-301F-11D3-BF4B-00C04F79EFBC}") = "XamarinPCL.iOS", "XamarinPCL\XamarinPCL.iOS\XamarinPCL.iOS.csproj", "{94AED356-7CDC-4283-B6F5-E8F5A31DE803}"
EndProject
Project("{FAE04EC0-301F-11D3-BF4B-00C04F79EFBC}") = "XamarinPCL.WinPhone", "XamarinPCL\XamarinPCL.WinPhone\XamarinPCL.WinPhone.csproj", "{2AD2A1D0-CFFF-48E8-95FB-FCB1C77809A2}"
EndProject
Project("{FAE04EC0-301F-11D3-BF4B-00C04F79EFBC}") = "XamarinPCL.UWP", "XamarinPCL\XamarinPCL.UWP\XamarinPCL.UWP.csproj", "{AFB702AA-E62F-4D45-8252-F03107CCF3D7}"
EndProject
Project("{FAE04EC0-301F-11D3-BF4B-00C04F79EFBC}") = "XamarinPCL.Windows", "XamarinPCL\XamarinPCL.Windows\XamarinPCL.Windows.csproj", "{B5BB238C-6DBB-4E23-92F8-B6EE06869342}"
EndProject
Global
	GlobalSection(SolutionConfigurationPlatforms) = preSolution
		Ad-Hoc|Any CPU = Ad-Hoc|Any CPU
		Ad-Hoc|ARM = Ad-Hoc|ARM
		Ad-Hoc|iPhone = Ad-Hoc|iPhone
		Ad-Hoc|iPhoneSimulator = Ad-Hoc|iPhoneSimulator
		Ad-Hoc|x64 = Ad-Hoc|x64
		Ad-Hoc|x86 = Ad-Hoc|x86
		AppStore|Any CPU = AppStore|Any CPU
		AppStore|ARM = AppStore|ARM
		AppStore|iPhone = AppStore|iPhone
		AppStore|iPhoneSimulator = AppStore|iPhoneSimulator
		AppStore|x64 = AppStore|x64
		AppStore|x86 = AppStore|x86
		Debug|Any CPU = Debug|Any CPU
		Debug|ARM = Debug|ARM
		Debug|iPhone = Debug|iPhone
		Debug|iPhoneSimulator = Debug|iPhoneSimulator
		Debug|x64 = Debug|x64
		Debug|x86 = Debug|x86
		Release|Any CPU = Release|Any CPU
		Release|ARM = Release|ARM
		Release|iPhone = Release|iPhone
		Release|iPhoneSimulator = Release|iPhoneSimulator
		Release|x64 = Release|x64
		Release|x86 = Release|x86
	EndGlobalSection
	GlobalSection(ProjectConfigurationPlatforms) = postSolution
		{1D218E0E-F8F2-4FD9-8D6F-6FC56277274F}.Ad-Hoc|Any CPU.ActiveCfg = Release|Any CPU
		{1D218E0E-F8F2-4FD9-8D6F-6FC56277274F}.Ad-Hoc|Any CPU.Build.0 = Release|Any CPU
		{1D218E0E-F8F2-4FD9-8D6F-6FC56277274F}.Ad-Hoc|ARM.ActiveCfg = Release|Any CPU
		{1D218E0E-F8F2-4FD9-8D6F-6FC56277274F}.Ad-Hoc|ARM.Build.0 = Release|Any CPU
		{1D218E0E-F8F2-4FD9-8D6F-6FC56277274F}.Ad-Hoc|iPhone.ActiveCfg = Release|Any CPU
		{1D218E0E-F8F2-4FD9-8D6F-6FC56277274F}.Ad-Hoc|iPhone.Build.0 = Release|Any CPU
		{1D218E0E-F8F2-4FD9-8D6F-6FC56277274F}.Ad-Hoc|iPhoneSimulator.ActiveCfg = Release|Any CPU
		{1D218E0E-F8F2-4FD9-8D6F-6FC56277274F}.Ad-Hoc|iPhoneSimulator.Build.0 = Release|Any CPU
		{1D218E0E-F8F2-4FD9-8D6F-6FC56277274F}.Ad-Hoc|x64.ActiveCfg = Release|Any CPU
		{1D218E0E-F8F2-4FD9-8D6F-6FC56277274F}.Ad-Hoc|x64.Build.0 = Release|Any CPU
		{1D218E0E-F8F2-4FD9-8D6F-6FC56277274F}.Ad-Hoc|x86.ActiveCfg = Release|Any CPU
		{1D218E0E-F8F2-4FD9-8D6F-6FC56277274F}.Ad-Hoc|x86.Build.0 = Release|Any CPU
		{1D218E0E-F8F2-4FD9-8D6F-6FC56277274F}.AppStore|Any CPU.ActiveCfg = Release|Any CPU
		{1D218E0E-F8F2-4FD9-8D6F-6FC56277274F}.AppStore|Any CPU.Build.0 = Release|Any CPU
		{1D218E0E-F8F2-4FD9-8D6F-6FC56277274F}.AppStore|ARM.ActiveCfg = Release|Any CPU
		{1D218E0E-F8F2-4FD9-8D6F-6FC56277274F}.AppStore|ARM.Build.0 = Release|Any CPU
		{1D218E0E-F8F2-4FD9-8D6F-6FC56277274F}.AppStore|iPhone.ActiveCfg = Release|Any CPU
		{1D218E0E-F8F2-4FD9-8D6F-6FC56277274F}.AppStore|iPhone.Build.0 = Release|Any CPU
		{1D218E0E-F8F2-4FD9-8D6F-6FC56277274F}.AppStore|iPhoneSimulator.ActiveCfg = Release|Any CPU
		{1D218E0E-F8F2-4FD9-8D6F-6FC56277274F}.AppStore|iPhoneSimulator.Build.0 = Release|Any CPU
		{1D218E0E-F8F2-4FD9-8D6F-6FC56277274F}.AppStore|x64.ActiveCfg = Release|Any CPU
		{1D218E0E-F8F2-4FD9-8D6F-6FC56277274F}.AppStore|x64.Build.0 = Release|Any CPU
		{1D218E0E-F8F2-4FD9-8D6F-6FC56277274F}.AppStore|x86.ActiveCfg = Release|Any CPU
		{1D218E0E-F8F2-4FD9-8D6F-6FC56277274F}.AppStore|x86.Build.0 = Release|Any CPU
		{1D218E0E-F8F2-4FD9-8D6F-6FC56277274F}.Debug|Any CPU.ActiveCfg = Debug|Any CPU
		{1D218E0E-F8F2-4FD9-8D6F-6FC56277274F}.Debug|Any CPU.Build.0 = Debug|Any CPU
		{1D218E0E-F8F2-4FD9-8D6F-6FC56277274F}.Debug|ARM.ActiveCfg = Debug|Any CPU
		{1D218E0E-F8F2-4FD9-8D6F-6FC56277274F}.Debug|ARM.Build.0 = Debug|Any CPU
		{1D218E0E-F8F2-4FD9-8D6F-6FC56277274F}.Debug|iPhone.ActiveCfg = Debug|Any CPU
		{1D218E0E-F8F2-4FD9-8D6F-6FC56277274F}.Debug|iPhone.Build.0 = Debug|Any CPU
		{1D218E0E-F8F2-4FD9-8D6F-6FC56277274F}.Debug|iPhoneSimulator.ActiveCfg = Debug|Any CPU
		{1D218E0E-F8F2-4FD9-8D6F-6FC56277274F}.Debug|iPhoneSimulator.Build.0 = Debug|Any CPU
		{1D218E0E-F8F2-4FD9-8D6F-6FC56277274F}.Debug|x64.ActiveCfg = Debug|Any CPU
		{1D218E0E-F8F2-4FD9-8D6F-6FC56277274F}.Debug|x64.Build.0 = Debug|Any CPU
		{1D218E0E-F8F2-4FD9-8D6F-6FC56277274F}.Debug|x86.ActiveCfg = Debug|Any CPU
		{1D218E0E-F8F2-4FD9-8D6F-6FC56277274F}.Debug|x86.Build.0 = Debug|Any CPU
		{1D218E0E-F8F2-4FD9-8D6F-6FC56277274F}.Release|Any CPU.ActiveCfg = Release|Any CPU
		{1D218E0E-F8F2-4FD9-8D6F-6FC56277274F}.Release|Any CPU.Build.0 = Release|Any CPU
		{1D218E0E-F8F2-4FD9-8D6F-6FC56277274F}.Release|ARM.ActiveCfg = Release|Any CPU
		{1D218E0E-F8F2-4FD9-8D6F-6FC56277274F}.Release|ARM.Build.0 = Release|Any CPU
		{1D218E0E-F8F2-4FD9-8D6F-6FC56277274F}.Release|iPhone.ActiveCfg = Release|Any CPU
		{1D218E0E-F8F2-4FD9-8D6F-6FC56277274F}.Release|iPhone.Build.0 = Release|Any CPU
		{1D218E0E-F8F2-4FD9-8D6F-6FC56277274F}.Release|iPhoneSimulator.ActiveCfg = Release|Any CPU
		{1D218E0E-F8F2-4FD9-8D6F-6FC56277274F}.Release|iPhoneSimulator.Build.0 = Release|Any CPU
		{1D218E0E-F8F2-4FD9-8D6F-6FC56277274F}.Release|x64.ActiveCfg = Release|Any CPU
		{1D218E0E-F8F2-4FD9-8D6F-6FC56277274F}.Release|x64.Build.0 = Release|Any CPU
		{1D218E0E-F8F2-4FD9-8D6F-6FC56277274F}.Release|x86.ActiveCfg = Release|Any CPU
		{1D218E0E-F8F2-4FD9-8D6F-6FC56277274F}.Release|x86.Build.0 = Release|Any CPU
		{407291AC-7415-4F06-B09C-610E033C8818}.Ad-Hoc|Any CPU.ActiveCfg = Release|Any CPU
		{407291AC-7415-4F06-B09C-610E033C8818}.Ad-Hoc|Any CPU.Build.0 = Release|Any CPU
		{407291AC-7415-4F06-B09C-610E033C8818}.Ad-Hoc|Any CPU.Deploy.0 = Release|Any CPU
		{407291AC-7415-4F06-B09C-610E033C8818}.Ad-Hoc|ARM.ActiveCfg = Release|Any CPU
		{407291AC-7415-4F06-B09C-610E033C8818}.Ad-Hoc|ARM.Build.0 = Release|Any CPU
		{407291AC-7415-4F06-B09C-610E033C8818}.Ad-Hoc|ARM.Deploy.0 = Release|Any CPU
		{407291AC-7415-4F06-B09C-610E033C8818}.Ad-Hoc|iPhone.ActiveCfg = Release|Any CPU
		{407291AC-7415-4F06-B09C-610E033C8818}.Ad-Hoc|iPhone.Build.0 = Release|Any CPU
		{407291AC-7415-4F06-B09C-610E033C8818}.Ad-Hoc|iPhone.Deploy.0 = Release|Any CPU
		{407291AC-7415-4F06-B09C-610E033C8818}.Ad-Hoc|iPhoneSimulator.ActiveCfg = Release|Any CPU
		{407291AC-7415-4F06-B09C-610E033C8818}.Ad-Hoc|iPhoneSimulator.Build.0 = Release|Any CPU
		{407291AC-7415-4F06-B09C-610E033C8818}.Ad-Hoc|iPhoneSimulator.Deploy.0 = Release|Any CPU
		{407291AC-7415-4F06-B09C-610E033C8818}.Ad-Hoc|x64.ActiveCfg = Release|Any CPU
		{407291AC-7415-4F06-B09C-610E033C8818}.Ad-Hoc|x64.Build.0 = Release|Any CPU
		{407291AC-7415-4F06-B09C-610E033C8818}.Ad-Hoc|x64.Deploy.0 = Release|Any CPU
		{407291AC-7415-4F06-B09C-610E033C8818}.Ad-Hoc|x86.ActiveCfg = Release|Any CPU
		{407291AC-7415-4F06-B09C-610E033C8818}.Ad-Hoc|x86.Build.0 = Release|Any CPU
		{407291AC-7415-4F06-B09C-610E033C8818}.Ad-Hoc|x86.Deploy.0 = Release|Any CPU
		{407291AC-7415-4F06-B09C-610E033C8818}.AppStore|Any CPU.ActiveCfg = Release|Any CPU
		{407291AC-7415-4F06-B09C-610E033C8818}.AppStore|Any CPU.Build.0 = Release|Any CPU
		{407291AC-7415-4F06-B09C-610E033C8818}.AppStore|Any CPU.Deploy.0 = Release|Any CPU
		{407291AC-7415-4F06-B09C-610E033C8818}.AppStore|ARM.ActiveCfg = Release|Any CPU
		{407291AC-7415-4F06-B09C-610E033C8818}.AppStore|ARM.Build.0 = Release|Any CPU
		{407291AC-7415-4F06-B09C-610E033C8818}.AppStore|ARM.Deploy.0 = Release|Any CPU
		{407291AC-7415-4F06-B09C-610E033C8818}.AppStore|iPhone.ActiveCfg = Release|Any CPU
		{407291AC-7415-4F06-B09C-610E033C8818}.AppStore|iPhone.Build.0 = Release|Any CPU
		{407291AC-7415-4F06-B09C-610E033C8818}.AppStore|iPhone.Deploy.0 = Release|Any CPU
		{407291AC-7415-4F06-B09C-610E033C8818}.AppStore|iPhoneSimulator.ActiveCfg = Release|Any CPU
		{407291AC-7415-4F06-B09C-610E033C8818}.AppStore|iPhoneSimulator.Build.0 = Release|Any CPU
		{407291AC-7415-4F06-B09C-610E033C8818}.AppStore|iPhoneSimulator.Deploy.0 = Release|Any CPU
		{407291AC-7415-4F06-B09C-610E033C8818}.AppStore|x64.ActiveCfg = Release|Any CPU
		{407291AC-7415-4F06-B09C-610E033C8818}.AppStore|x64.Build.0 = Release|Any CPU
		{407291AC-7415-4F06-B09C-610E033C8818}.AppStore|x64.Deploy.0 = Release|Any CPU
		{407291AC-7415-4F06-B09C-610E033C8818}.AppStore|x86.ActiveCfg = Release|Any CPU
		{407291AC-7415-4F06-B09C-610E033C8818}.AppStore|x86.Build.0 = Release|Any CPU
		{407291AC-7415-4F06-B09C-610E033C8818}.AppStore|x86.Deploy.0 = Release|Any CPU
		{407291AC-7415-4F06-B09C-610E033C8818}.Debug|Any CPU.ActiveCfg = Debug|Any CPU
		{407291AC-7415-4F06-B09C-610E033C8818}.Debug|Any CPU.Build.0 = Debug|Any CPU
		{407291AC-7415-4F06-B09C-610E033C8818}.Debug|Any CPU.Deploy.0 = Debug|Any CPU
		{407291AC-7415-4F06-B09C-610E033C8818}.Debug|ARM.ActiveCfg = Debug|Any CPU
		{407291AC-7415-4F06-B09C-610E033C8818}.Debug|ARM.Build.0 = Debug|Any CPU
		{407291AC-7415-4F06-B09C-610E033C8818}.Debug|ARM.Deploy.0 = Debug|Any CPU
		{407291AC-7415-4F06-B09C-610E033C8818}.Debug|iPhone.ActiveCfg = Debug|Any CPU
		{407291AC-7415-4F06-B09C-610E033C8818}.Debug|iPhone.Build.0 = Debug|Any CPU
		{407291AC-7415-4F06-B09C-610E033C8818}.Debug|iPhone.Deploy.0 = Debug|Any CPU
		{407291AC-7415-4F06-B09C-610E033C8818}.Debug|iPhoneSimulator.ActiveCfg = Debug|Any CPU
		{407291AC-7415-4F06-B09C-610E033C8818}.Debug|iPhoneSimulator.Build.0 = Debug|Any CPU
		{407291AC-7415-4F06-B09C-610E033C8818}.Debug|iPhoneSimulator.Deploy.0 = Debug|Any CPU
		{407291AC-7415-4F06-B09C-610E033C8818}.Debug|x64.ActiveCfg = Debug|Any CPU
		{407291AC-7415-4F06-B09C-610E033C8818}.Debug|x64.Build.0 = Debug|Any CPU
		{407291AC-7415-4F06-B09C-610E033C8818}.Debug|x64.Deploy.0 = Debug|Any CPU
		{407291AC-7415-4F06-B09C-610E033C8818}.Debug|x86.ActiveCfg = Debug|Any CPU
		{407291AC-7415-4F06-B09C-610E033C8818}.Debug|x86.Build.0 = Debug|Any CPU
		{407291AC-7415-4F06-B09C-610E033C8818}.Debug|x86.Deploy.0 = Debug|Any CPU
		{407291AC-7415-4F06-B09C-610E033C8818}.Release|Any CPU.ActiveCfg = Release|Any CPU
		{407291AC-7415-4F06-B09C-610E033C8818}.Release|Any CPU.Build.0 = Release|Any CPU
		{407291AC-7415-4F06-B09C-610E033C8818}.Release|Any CPU.Deploy.0 = Release|Any CPU
		{407291AC-7415-4F06-B09C-610E033C8818}.Release|ARM.ActiveCfg = Release|Any CPU
		{407291AC-7415-4F06-B09C-610E033C8818}.Release|ARM.Build.0 = Release|Any CPU
		{407291AC-7415-4F06-B09C-610E033C8818}.Release|ARM.Deploy.0 = Release|Any CPU
		{407291AC-7415-4F06-B09C-610E033C8818}.Release|iPhone.ActiveCfg = Release|Any CPU
		{407291AC-7415-4F06-B09C-610E033C8818}.Release|iPhone.Build.0 = Release|Any CPU
		{407291AC-7415-4F06-B09C-610E033C8818}.Release|iPhone.Deploy.0 = Release|Any CPU
		{407291AC-7415-4F06-B09C-610E033C8818}.Release|iPhoneSimulator.ActiveCfg = Release|Any CPU
		{407291AC-7415-4F06-B09C-610E033C8818}.Release|iPhoneSimulator.Build.0 = Release|Any CPU
		{407291AC-7415-4F06-B09C-610E033C8818}.Release|iPhoneSimulator.Deploy.0 = Release|Any CPU
		{407291AC-7415-4F06-B09C-610E033C8818}.Release|x64.ActiveCfg = Release|Any CPU
		{407291AC-7415-4F06-B09C-610E033C8818}.Release|x64.Build.0 = Release|Any CPU
		{407291AC-7415-4F06-B09C-610E033C8818}.Release|x64.Deploy.0 = Release|Any CPU
		{407291AC-7415-4F06-B09C-610E033C8818}.Release|x86.ActiveCfg = Release|Any CPU
		{407291AC-7415-4F06-B09C-610E033C8818}.Release|x86.Build.0 = Release|Any CPU
		{407291AC-7415-4F06-B09C-610E033C8818}.Release|x86.Deploy.0 = Release|Any CPU
		{94AED356-7CDC-4283-B6F5-E8F5A31DE803}.Ad-Hoc|Any CPU.ActiveCfg = Ad-Hoc|iPhone
		{94AED356-7CDC-4283-B6F5-E8F5A31DE803}.Ad-Hoc|ARM.ActiveCfg = Ad-Hoc|iPhone
		{94AED356-7CDC-4283-B6F5-E8F5A31DE803}.Ad-Hoc|iPhone.ActiveCfg = Ad-Hoc|iPhone
		{94AED356-7CDC-4283-B6F5-E8F5A31DE803}.Ad-Hoc|iPhone.Build.0 = Ad-Hoc|iPhone
		{94AED356-7CDC-4283-B6F5-E8F5A31DE803}.Ad-Hoc|iPhoneSimulator.ActiveCfg = Ad-Hoc|iPhoneSimulator
		{94AED356-7CDC-4283-B6F5-E8F5A31DE803}.Ad-Hoc|iPhoneSimulator.Build.0 = Ad-Hoc|iPhoneSimulator
		{94AED356-7CDC-4283-B6F5-E8F5A31DE803}.Ad-Hoc|x64.ActiveCfg = Ad-Hoc|iPhone
		{94AED356-7CDC-4283-B6F5-E8F5A31DE803}.Ad-Hoc|x86.ActiveCfg = Ad-Hoc|iPhone
		{94AED356-7CDC-4283-B6F5-E8F5A31DE803}.AppStore|Any CPU.ActiveCfg = AppStore|iPhone
		{94AED356-7CDC-4283-B6F5-E8F5A31DE803}.AppStore|ARM.ActiveCfg = AppStore|iPhone
		{94AED356-7CDC-4283-B6F5-E8F5A31DE803}.AppStore|iPhone.ActiveCfg = AppStore|iPhone
		{94AED356-7CDC-4283-B6F5-E8F5A31DE803}.AppStore|iPhone.Build.0 = AppStore|iPhone
		{94AED356-7CDC-4283-B6F5-E8F5A31DE803}.AppStore|iPhoneSimulator.ActiveCfg = AppStore|iPhoneSimulator
		{94AED356-7CDC-4283-B6F5-E8F5A31DE803}.AppStore|iPhoneSimulator.Build.0 = AppStore|iPhoneSimulator
		{94AED356-7CDC-4283-B6F5-E8F5A31DE803}.AppStore|x64.ActiveCfg = AppStore|iPhone
		{94AED356-7CDC-4283-B6F5-E8F5A31DE803}.AppStore|x86.ActiveCfg = AppStore|iPhone
		{94AED356-7CDC-4283-B6F5-E8F5A31DE803}.Debug|Any CPU.ActiveCfg = Debug|iPhone
		{94AED356-7CDC-4283-B6F5-E8F5A31DE803}.Debug|ARM.ActiveCfg = Debug|iPhone
		{94AED356-7CDC-4283-B6F5-E8F5A31DE803}.Debug|iPhone.ActiveCfg = Debug|iPhone
		{94AED356-7CDC-4283-B6F5-E8F5A31DE803}.Debug|iPhone.Build.0 = Debug|iPhone
		{94AED356-7CDC-4283-B6F5-E8F5A31DE803}.Debug|iPhoneSimulator.ActiveCfg = Debug|iPhoneSimulator
		{94AED356-7CDC-4283-B6F5-E8F5A31DE803}.Debug|iPhoneSimulator.Build.0 = Debug|iPhoneSimulator
		{94AED356-7CDC-4283-B6F5-E8F5A31DE803}.Debug|x64.ActiveCfg = Debug|iPhone
		{94AED356-7CDC-4283-B6F5-E8F5A31DE803}.Debug|x86.ActiveCfg = Debug|iPhone
		{94AED356-7CDC-4283-B6F5-E8F5A31DE803}.Release|Any CPU.ActiveCfg = Release|iPhone
		{94AED356-7CDC-4283-B6F5-E8F5A31DE803}.Release|ARM.ActiveCfg = Release|iPhone
		{94AED356-7CDC-4283-B6F5-E8F5A31DE803}.Release|iPhone.ActiveCfg = Release|iPhone
		{94AED356-7CDC-4283-B6F5-E8F5A31DE803}.Release|iPhone.Build.0 = Release|iPhone
		{94AED356-7CDC-4283-B6F5-E8F5A31DE803}.Release|iPhoneSimulator.ActiveCfg = Release|iPhoneSimulator
		{94AED356-7CDC-4283-B6F5-E8F5A31DE803}.Release|iPhoneSimulator.Build.0 = Release|iPhoneSimulator
		{94AED356-7CDC-4283-B6F5-E8F5A31DE803}.Release|x64.ActiveCfg = Release|iPhone
		{94AED356-7CDC-4283-B6F5-E8F5A31DE803}.Release|x86.ActiveCfg = Release|iPhone
		{2AD2A1D0-CFFF-48E8-95FB-FCB1C77809A2}.Ad-Hoc|Any CPU.ActiveCfg = Release|Any CPU
		{2AD2A1D0-CFFF-48E8-95FB-FCB1C77809A2}.Ad-Hoc|Any CPU.Build.0 = Release|Any CPU
		{2AD2A1D0-CFFF-48E8-95FB-FCB1C77809A2}.Ad-Hoc|Any CPU.Deploy.0 = Release|Any CPU
		{2AD2A1D0-CFFF-48E8-95FB-FCB1C77809A2}.Ad-Hoc|ARM.ActiveCfg = Release|ARM
		{2AD2A1D0-CFFF-48E8-95FB-FCB1C77809A2}.Ad-Hoc|ARM.Build.0 = Release|ARM
		{2AD2A1D0-CFFF-48E8-95FB-FCB1C77809A2}.Ad-Hoc|ARM.Deploy.0 = Release|ARM
		{2AD2A1D0-CFFF-48E8-95FB-FCB1C77809A2}.Ad-Hoc|iPhone.ActiveCfg = Release|Any CPU
		{2AD2A1D0-CFFF-48E8-95FB-FCB1C77809A2}.Ad-Hoc|iPhone.Build.0 = Release|Any CPU
		{2AD2A1D0-CFFF-48E8-95FB-FCB1C77809A2}.Ad-Hoc|iPhone.Deploy.0 = Release|Any CPU
		{2AD2A1D0-CFFF-48E8-95FB-FCB1C77809A2}.Ad-Hoc|iPhoneSimulator.ActiveCfg = Release|Any CPU
		{2AD2A1D0-CFFF-48E8-95FB-FCB1C77809A2}.Ad-Hoc|iPhoneSimulator.Build.0 = Release|Any CPU
		{2AD2A1D0-CFFF-48E8-95FB-FCB1C77809A2}.Ad-Hoc|iPhoneSimulator.Deploy.0 = Release|Any CPU
		{2AD2A1D0-CFFF-48E8-95FB-FCB1C77809A2}.Ad-Hoc|x64.ActiveCfg = Release|Any CPU
		{2AD2A1D0-CFFF-48E8-95FB-FCB1C77809A2}.Ad-Hoc|x64.Build.0 = Release|Any CPU
		{2AD2A1D0-CFFF-48E8-95FB-FCB1C77809A2}.Ad-Hoc|x64.Deploy.0 = Release|Any CPU
		{2AD2A1D0-CFFF-48E8-95FB-FCB1C77809A2}.Ad-Hoc|x86.ActiveCfg = Release|x86
		{2AD2A1D0-CFFF-48E8-95FB-FCB1C77809A2}.Ad-Hoc|x86.Build.0 = Release|x86
		{2AD2A1D0-CFFF-48E8-95FB-FCB1C77809A2}.Ad-Hoc|x86.Deploy.0 = Release|x86
		{2AD2A1D0-CFFF-48E8-95FB-FCB1C77809A2}.AppStore|Any CPU.ActiveCfg = Release|Any CPU
		{2AD2A1D0-CFFF-48E8-95FB-FCB1C77809A2}.AppStore|Any CPU.Build.0 = Release|Any CPU
		{2AD2A1D0-CFFF-48E8-95FB-FCB1C77809A2}.AppStore|Any CPU.Deploy.0 = Release|Any CPU
		{2AD2A1D0-CFFF-48E8-95FB-FCB1C77809A2}.AppStore|ARM.ActiveCfg = Release|ARM
		{2AD2A1D0-CFFF-48E8-95FB-FCB1C77809A2}.AppStore|ARM.Build.0 = Release|ARM
		{2AD2A1D0-CFFF-48E8-95FB-FCB1C77809A2}.AppStore|ARM.Deploy.0 = Release|ARM
		{2AD2A1D0-CFFF-48E8-95FB-FCB1C77809A2}.AppStore|iPhone.ActiveCfg = Release|Any CPU
		{2AD2A1D0-CFFF-48E8-95FB-FCB1C77809A2}.AppStore|iPhone.Build.0 = Release|Any CPU
		{2AD2A1D0-CFFF-48E8-95FB-FCB1C77809A2}.AppStore|iPhone.Deploy.0 = Release|Any CPU
		{2AD2A1D0-CFFF-48E8-95FB-FCB1C77809A2}.AppStore|iPhoneSimulator.ActiveCfg = Release|Any CPU
		{2AD2A1D0-CFFF-48E8-95FB-FCB1C77809A2}.AppStore|iPhoneSimulator.Build.0 = Release|Any CPU
		{2AD2A1D0-CFFF-48E8-95FB-FCB1C77809A2}.AppStore|iPhoneSimulator.Deploy.0 = Release|Any CPU
		{2AD2A1D0-CFFF-48E8-95FB-FCB1C77809A2}.AppStore|x64.ActiveCfg = Release|Any CPU
		{2AD2A1D0-CFFF-48E8-95FB-FCB1C77809A2}.AppStore|x64.Build.0 = Release|Any CPU
		{2AD2A1D0-CFFF-48E8-95FB-FCB1C77809A2}.AppStore|x64.Deploy.0 = Release|Any CPU
		{2AD2A1D0-CFFF-48E8-95FB-FCB1C77809A2}.AppStore|x86.ActiveCfg = Release|x86
		{2AD2A1D0-CFFF-48E8-95FB-FCB1C77809A2}.AppStore|x86.Build.0 = Release|x86
		{2AD2A1D0-CFFF-48E8-95FB-FCB1C77809A2}.AppStore|x86.Deploy.0 = Release|x86
		{2AD2A1D0-CFFF-48E8-95FB-FCB1C77809A2}.Debug|Any CPU.ActiveCfg = Debug|Any CPU
		{2AD2A1D0-CFFF-48E8-95FB-FCB1C77809A2}.Debug|Any CPU.Build.0 = Debug|Any CPU
		{2AD2A1D0-CFFF-48E8-95FB-FCB1C77809A2}.Debug|Any CPU.Deploy.0 = Debug|Any CPU
		{2AD2A1D0-CFFF-48E8-95FB-FCB1C77809A2}.Debug|ARM.ActiveCfg = Debug|ARM
		{2AD2A1D0-CFFF-48E8-95FB-FCB1C77809A2}.Debug|ARM.Build.0 = Debug|ARM
		{2AD2A1D0-CFFF-48E8-95FB-FCB1C77809A2}.Debug|ARM.Deploy.0 = Debug|ARM
		{2AD2A1D0-CFFF-48E8-95FB-FCB1C77809A2}.Debug|iPhone.ActiveCfg = Debug|Any CPU
		{2AD2A1D0-CFFF-48E8-95FB-FCB1C77809A2}.Debug|iPhone.Build.0 = Debug|Any CPU
		{2AD2A1D0-CFFF-48E8-95FB-FCB1C77809A2}.Debug|iPhone.Deploy.0 = Debug|Any CPU
		{2AD2A1D0-CFFF-48E8-95FB-FCB1C77809A2}.Debug|iPhoneSimulator.ActiveCfg = Debug|Any CPU
		{2AD2A1D0-CFFF-48E8-95FB-FCB1C77809A2}.Debug|iPhoneSimulator.Build.0 = Debug|Any CPU
		{2AD2A1D0-CFFF-48E8-95FB-FCB1C77809A2}.Debug|iPhoneSimulator.Deploy.0 = Debug|Any CPU
		{2AD2A1D0-CFFF-48E8-95FB-FCB1C77809A2}.Debug|x64.ActiveCfg = Debug|Any CPU
		{2AD2A1D0-CFFF-48E8-95FB-FCB1C77809A2}.Debug|x64.Build.0 = Debug|Any CPU
		{2AD2A1D0-CFFF-48E8-95FB-FCB1C77809A2}.Debug|x64.Deploy.0 = Debug|Any CPU
		{2AD2A1D0-CFFF-48E8-95FB-FCB1C77809A2}.Debug|x86.ActiveCfg = Debug|x86
		{2AD2A1D0-CFFF-48E8-95FB-FCB1C77809A2}.Debug|x86.Build.0 = Debug|x86
		{2AD2A1D0-CFFF-48E8-95FB-FCB1C77809A2}.Debug|x86.Deploy.0 = Debug|x86
		{2AD2A1D0-CFFF-48E8-95FB-FCB1C77809A2}.Release|Any CPU.ActiveCfg = Release|Any CPU
		{2AD2A1D0-CFFF-48E8-95FB-FCB1C77809A2}.Release|Any CPU.Build.0 = Release|Any CPU
		{2AD2A1D0-CFFF-48E8-95FB-FCB1C77809A2}.Release|Any CPU.Deploy.0 = Release|Any CPU
		{2AD2A1D0-CFFF-48E8-95FB-FCB1C77809A2}.Release|ARM.ActiveCfg = Release|ARM
		{2AD2A1D0-CFFF-48E8-95FB-FCB1C77809A2}.Release|ARM.Build.0 = Release|ARM
		{2AD2A1D0-CFFF-48E8-95FB-FCB1C77809A2}.Release|ARM.Deploy.0 = Release|ARM
		{2AD2A1D0-CFFF-48E8-95FB-FCB1C77809A2}.Release|iPhone.ActiveCfg = Release|Any CPU
		{2AD2A1D0-CFFF-48E8-95FB-FCB1C77809A2}.Release|iPhone.Build.0 = Release|Any CPU
		{2AD2A1D0-CFFF-48E8-95FB-FCB1C77809A2}.Release|iPhone.Deploy.0 = Release|Any CPU
		{2AD2A1D0-CFFF-48E8-95FB-FCB1C77809A2}.Release|iPhoneSimulator.ActiveCfg = Release|Any CPU
		{2AD2A1D0-CFFF-48E8-95FB-FCB1C77809A2}.Release|iPhoneSimulator.Build.0 = Release|Any CPU
		{2AD2A1D0-CFFF-48E8-95FB-FCB1C77809A2}.Release|iPhoneSimulator.Deploy.0 = Release|Any CPU
		{2AD2A1D0-CFFF-48E8-95FB-FCB1C77809A2}.Release|x64.ActiveCfg = Release|Any CPU
		{2AD2A1D0-CFFF-48E8-95FB-FCB1C77809A2}.Release|x64.Build.0 = Release|Any CPU
		{2AD2A1D0-CFFF-48E8-95FB-FCB1C77809A2}.Release|x64.Deploy.0 = Release|Any CPU
		{2AD2A1D0-CFFF-48E8-95FB-FCB1C77809A2}.Release|x86.ActiveCfg = Release|x86
		{2AD2A1D0-CFFF-48E8-95FB-FCB1C77809A2}.Release|x86.Build.0 = Release|x86
		{2AD2A1D0-CFFF-48E8-95FB-FCB1C77809A2}.Release|x86.Deploy.0 = Release|x86
		{AFB702AA-E62F-4D45-8252-F03107CCF3D7}.Ad-Hoc|Any CPU.ActiveCfg = Release|x86
		{AFB702AA-E62F-4D45-8252-F03107CCF3D7}.Ad-Hoc|Any CPU.Build.0 = Release|x86
		{AFB702AA-E62F-4D45-8252-F03107CCF3D7}.Ad-Hoc|Any CPU.Deploy.0 = Release|x86
		{AFB702AA-E62F-4D45-8252-F03107CCF3D7}.Ad-Hoc|ARM.ActiveCfg = Release|ARM
		{AFB702AA-E62F-4D45-8252-F03107CCF3D7}.Ad-Hoc|ARM.Build.0 = Release|ARM
		{AFB702AA-E62F-4D45-8252-F03107CCF3D7}.Ad-Hoc|ARM.Deploy.0 = Release|ARM
		{AFB702AA-E62F-4D45-8252-F03107CCF3D7}.Ad-Hoc|iPhone.ActiveCfg = Release|x86
		{AFB702AA-E62F-4D45-8252-F03107CCF3D7}.Ad-Hoc|iPhone.Build.0 = Release|x86
		{AFB702AA-E62F-4D45-8252-F03107CCF3D7}.Ad-Hoc|iPhone.Deploy.0 = Release|x86
		{AFB702AA-E62F-4D45-8252-F03107CCF3D7}.Ad-Hoc|iPhoneSimulator.ActiveCfg = Release|x86
		{AFB702AA-E62F-4D45-8252-F03107CCF3D7}.Ad-Hoc|iPhoneSimulator.Build.0 = Release|x86
		{AFB702AA-E62F-4D45-8252-F03107CCF3D7}.Ad-Hoc|iPhoneSimulator.Deploy.0 = Release|x86
		{AFB702AA-E62F-4D45-8252-F03107CCF3D7}.Ad-Hoc|x64.ActiveCfg = Release|x64
		{AFB702AA-E62F-4D45-8252-F03107CCF3D7}.Ad-Hoc|x64.Build.0 = Release|x64
		{AFB702AA-E62F-4D45-8252-F03107CCF3D7}.Ad-Hoc|x64.Deploy.0 = Release|x64
		{AFB702AA-E62F-4D45-8252-F03107CCF3D7}.Ad-Hoc|x86.ActiveCfg = Release|x86
		{AFB702AA-E62F-4D45-8252-F03107CCF3D7}.Ad-Hoc|x86.Build.0 = Release|x86
		{AFB702AA-E62F-4D45-8252-F03107CCF3D7}.Ad-Hoc|x86.Deploy.0 = Release|x86
		{AFB702AA-E62F-4D45-8252-F03107CCF3D7}.AppStore|Any CPU.ActiveCfg = Release|x86
		{AFB702AA-E62F-4D45-8252-F03107CCF3D7}.AppStore|Any CPU.Build.0 = Release|x86
		{AFB702AA-E62F-4D45-8252-F03107CCF3D7}.AppStore|Any CPU.Deploy.0 = Release|x86
		{AFB702AA-E62F-4D45-8252-F03107CCF3D7}.AppStore|ARM.ActiveCfg = Release|ARM
		{AFB702AA-E62F-4D45-8252-F03107CCF3D7}.AppStore|ARM.Build.0 = Release|ARM
		{AFB702AA-E62F-4D45-8252-F03107CCF3D7}.AppStore|ARM.Deploy.0 = Release|ARM
		{AFB702AA-E62F-4D45-8252-F03107CCF3D7}.AppStore|iPhone.ActiveCfg = Release|x86
		{AFB702AA-E62F-4D45-8252-F03107CCF3D7}.AppStore|iPhone.Build.0 = Release|x86
		{AFB702AA-E62F-4D45-8252-F03107CCF3D7}.AppStore|iPhone.Deploy.0 = Release|x86
		{AFB702AA-E62F-4D45-8252-F03107CCF3D7}.AppStore|iPhoneSimulator.ActiveCfg = Release|x86
		{AFB702AA-E62F-4D45-8252-F03107CCF3D7}.AppStore|iPhoneSimulator.Build.0 = Release|x86
		{AFB702AA-E62F-4D45-8252-F03107CCF3D7}.AppStore|iPhoneSimulator.Deploy.0 = Release|x86
		{AFB702AA-E62F-4D45-8252-F03107CCF3D7}.AppStore|x64.ActiveCfg = Release|x64
		{AFB702AA-E62F-4D45-8252-F03107CCF3D7}.AppStore|x64.Build.0 = Release|x64
		{AFB702AA-E62F-4D45-8252-F03107CCF3D7}.AppStore|x64.Deploy.0 = Release|x64
		{AFB702AA-E62F-4D45-8252-F03107CCF3D7}.AppStore|x86.ActiveCfg = Release|x86
		{AFB702AA-E62F-4D45-8252-F03107CCF3D7}.AppStore|x86.Build.0 = Release|x86
		{AFB702AA-E62F-4D45-8252-F03107CCF3D7}.AppStore|x86.Deploy.0 = Release|x86
		{AFB702AA-E62F-4D45-8252-F03107CCF3D7}.Debug|Any CPU.ActiveCfg = Debug|x86
		{AFB702AA-E62F-4D45-8252-F03107CCF3D7}.Debug|ARM.ActiveCfg = Debug|ARM
		{AFB702AA-E62F-4D45-8252-F03107CCF3D7}.Debug|ARM.Build.0 = Debug|ARM
		{AFB702AA-E62F-4D45-8252-F03107CCF3D7}.Debug|ARM.Deploy.0 = Debug|ARM
		{AFB702AA-E62F-4D45-8252-F03107CCF3D7}.Debug|iPhone.ActiveCfg = Debug|x86
		{AFB702AA-E62F-4D45-8252-F03107CCF3D7}.Debug|iPhoneSimulator.ActiveCfg = Debug|x86
		{AFB702AA-E62F-4D45-8252-F03107CCF3D7}.Debug|x64.ActiveCfg = Debug|x64
		{AFB702AA-E62F-4D45-8252-F03107CCF3D7}.Debug|x64.Build.0 = Debug|x64
		{AFB702AA-E62F-4D45-8252-F03107CCF3D7}.Debug|x64.Deploy.0 = Debug|x64
		{AFB702AA-E62F-4D45-8252-F03107CCF3D7}.Debug|x86.ActiveCfg = Debug|x86
		{AFB702AA-E62F-4D45-8252-F03107CCF3D7}.Debug|x86.Build.0 = Debug|x86
		{AFB702AA-E62F-4D45-8252-F03107CCF3D7}.Debug|x86.Deploy.0 = Debug|x86
		{AFB702AA-E62F-4D45-8252-F03107CCF3D7}.Release|Any CPU.ActiveCfg = Release|x86
		{AFB702AA-E62F-4D45-8252-F03107CCF3D7}.Release|ARM.ActiveCfg = Release|ARM
		{AFB702AA-E62F-4D45-8252-F03107CCF3D7}.Release|ARM.Build.0 = Release|ARM
		{AFB702AA-E62F-4D45-8252-F03107CCF3D7}.Release|ARM.Deploy.0 = Release|ARM
		{AFB702AA-E62F-4D45-8252-F03107CCF3D7}.Release|iPhone.ActiveCfg = Release|x86
		{AFB702AA-E62F-4D45-8252-F03107CCF3D7}.Release|iPhoneSimulator.ActiveCfg = Release|x86
		{AFB702AA-E62F-4D45-8252-F03107CCF3D7}.Release|x64.ActiveCfg = Release|x64
		{AFB702AA-E62F-4D45-8252-F03107CCF3D7}.Release|x64.Build.0 = Release|x64
		{AFB702AA-E62F-4D45-8252-F03107CCF3D7}.Release|x64.Deploy.0 = Release|x64
		{AFB702AA-E62F-4D45-8252-F03107CCF3D7}.Release|x86.ActiveCfg = Release|x86
		{AFB702AA-E62F-4D45-8252-F03107CCF3D7}.Release|x86.Build.0 = Release|x86
		{AFB702AA-E62F-4D45-8252-F03107CCF3D7}.Release|x86.Deploy.0 = Release|x86
		{B5BB238C-6DBB-4E23-92F8-B6EE06869342}.Ad-Hoc|Any CPU.ActiveCfg = Release|Any CPU
		{B5BB238C-6DBB-4E23-92F8-B6EE06869342}.Ad-Hoc|Any CPU.Build.0 = Release|Any CPU
		{B5BB238C-6DBB-4E23-92F8-B6EE06869342}.Ad-Hoc|Any CPU.Deploy.0 = Release|Any CPU
		{B5BB238C-6DBB-4E23-92F8-B6EE06869342}.Ad-Hoc|ARM.ActiveCfg = Release|ARM
		{B5BB238C-6DBB-4E23-92F8-B6EE06869342}.Ad-Hoc|ARM.Build.0 = Release|ARM
		{B5BB238C-6DBB-4E23-92F8-B6EE06869342}.Ad-Hoc|ARM.Deploy.0 = Release|ARM
		{B5BB238C-6DBB-4E23-92F8-B6EE06869342}.Ad-Hoc|iPhone.ActiveCfg = Release|Any CPU
		{B5BB238C-6DBB-4E23-92F8-B6EE06869342}.Ad-Hoc|iPhone.Build.0 = Release|Any CPU
		{B5BB238C-6DBB-4E23-92F8-B6EE06869342}.Ad-Hoc|iPhone.Deploy.0 = Release|Any CPU
		{B5BB238C-6DBB-4E23-92F8-B6EE06869342}.Ad-Hoc|iPhoneSimulator.ActiveCfg = Release|Any CPU
		{B5BB238C-6DBB-4E23-92F8-B6EE06869342}.Ad-Hoc|iPhoneSimulator.Build.0 = Release|Any CPU
		{B5BB238C-6DBB-4E23-92F8-B6EE06869342}.Ad-Hoc|iPhoneSimulator.Deploy.0 = Release|Any CPU
		{B5BB238C-6DBB-4E23-92F8-B6EE06869342}.Ad-Hoc|x64.ActiveCfg = Release|x64
		{B5BB238C-6DBB-4E23-92F8-B6EE06869342}.Ad-Hoc|x64.Build.0 = Release|x64
		{B5BB238C-6DBB-4E23-92F8-B6EE06869342}.Ad-Hoc|x64.Deploy.0 = Release|x64
		{B5BB238C-6DBB-4E23-92F8-B6EE06869342}.Ad-Hoc|x86.ActiveCfg = Release|x86
		{B5BB238C-6DBB-4E23-92F8-B6EE06869342}.Ad-Hoc|x86.Build.0 = Release|x86
		{B5BB238C-6DBB-4E23-92F8-B6EE06869342}.Ad-Hoc|x86.Deploy.0 = Release|x86
		{B5BB238C-6DBB-4E23-92F8-B6EE06869342}.AppStore|Any CPU.ActiveCfg = Release|Any CPU
		{B5BB238C-6DBB-4E23-92F8-B6EE06869342}.AppStore|Any CPU.Build.0 = Release|Any CPU
		{B5BB238C-6DBB-4E23-92F8-B6EE06869342}.AppStore|Any CPU.Deploy.0 = Release|Any CPU
		{B5BB238C-6DBB-4E23-92F8-B6EE06869342}.AppStore|ARM.ActiveCfg = Release|ARM
		{B5BB238C-6DBB-4E23-92F8-B6EE06869342}.AppStore|ARM.Build.0 = Release|ARM
		{B5BB238C-6DBB-4E23-92F8-B6EE06869342}.AppStore|ARM.Deploy.0 = Release|ARM
		{B5BB238C-6DBB-4E23-92F8-B6EE06869342}.AppStore|iPhone.ActiveCfg = Release|Any CPU
		{B5BB238C-6DBB-4E23-92F8-B6EE06869342}.AppStore|iPhone.Build.0 = Release|Any CPU
		{B5BB238C-6DBB-4E23-92F8-B6EE06869342}.AppStore|iPhone.Deploy.0 = Release|Any CPU
		{B5BB238C-6DBB-4E23-92F8-B6EE06869342}.AppStore|iPhoneSimulator.ActiveCfg = Release|Any CPU
		{B5BB238C-6DBB-4E23-92F8-B6EE06869342}.AppStore|iPhoneSimulator.Build.0 = Release|Any CPU
		{B5BB238C-6DBB-4E23-92F8-B6EE06869342}.AppStore|iPhoneSimulator.Deploy.0 = Release|Any CPU
		{B5BB238C-6DBB-4E23-92F8-B6EE06869342}.AppStore|x64.ActiveCfg = Release|x64
		{B5BB238C-6DBB-4E23-92F8-B6EE06869342}.AppStore|x64.Build.0 = Release|x64
		{B5BB238C-6DBB-4E23-92F8-B6EE06869342}.AppStore|x64.Deploy.0 = Release|x64
		{B5BB238C-6DBB-4E23-92F8-B6EE06869342}.AppStore|x86.ActiveCfg = Release|x86
		{B5BB238C-6DBB-4E23-92F8-B6EE06869342}.AppStore|x86.Build.0 = Release|x86
		{B5BB238C-6DBB-4E23-92F8-B6EE06869342}.AppStore|x86.Deploy.0 = Release|x86
		{B5BB238C-6DBB-4E23-92F8-B6EE06869342}.Debug|Any CPU.ActiveCfg = Debug|Any CPU
		{B5BB238C-6DBB-4E23-92F8-B6EE06869342}.Debug|Any CPU.Build.0 = Debug|Any CPU
		{B5BB238C-6DBB-4E23-92F8-B6EE06869342}.Debug|Any CPU.Deploy.0 = Debug|Any CPU
		{B5BB238C-6DBB-4E23-92F8-B6EE06869342}.Debug|ARM.ActiveCfg = Debug|ARM
		{B5BB238C-6DBB-4E23-92F8-B6EE06869342}.Debug|ARM.Build.0 = Debug|ARM
		{B5BB238C-6DBB-4E23-92F8-B6EE06869342}.Debug|ARM.Deploy.0 = Debug|ARM
		{B5BB238C-6DBB-4E23-92F8-B6EE06869342}.Debug|iPhone.ActiveCfg = Debug|Any CPU
		{B5BB238C-6DBB-4E23-92F8-B6EE06869342}.Debug|iPhone.Build.0 = Debug|Any CPU
		{B5BB238C-6DBB-4E23-92F8-B6EE06869342}.Debug|iPhone.Deploy.0 = Debug|Any CPU
		{B5BB238C-6DBB-4E23-92F8-B6EE06869342}.Debug|iPhoneSimulator.ActiveCfg = Debug|Any CPU
		{B5BB238C-6DBB-4E23-92F8-B6EE06869342}.Debug|iPhoneSimulator.Build.0 = Debug|Any CPU
		{B5BB238C-6DBB-4E23-92F8-B6EE06869342}.Debug|iPhoneSimulator.Deploy.0 = Debug|Any CPU
		{B5BB238C-6DBB-4E23-92F8-B6EE06869342}.Debug|x64.ActiveCfg = Debug|x64
		{B5BB238C-6DBB-4E23-92F8-B6EE06869342}.Debug|x64.Build.0 = Debug|x64
		{B5BB238C-6DBB-4E23-92F8-B6EE06869342}.Debug|x64.Deploy.0 = Debug|x64
		{B5BB238C-6DBB-4E23-92F8-B6EE06869342}.Debug|x86.ActiveCfg = Debug|x86
		{B5BB238C-6DBB-4E23-92F8-B6EE06869342}.Debug|x86.Build.0 = Debug|x86
		{B5BB238C-6DBB-4E23-92F8-B6EE06869342}.Debug|x86.Deploy.0 = Debug|x86
		{B5BB238C-6DBB-4E23-92F8-B6EE06869342}.Release|Any CPU.ActiveCfg = Release|Any CPU
		{B5BB238C-6DBB-4E23-92F8-B6EE06869342}.Release|Any CPU.Build.0 = Release|Any CPU
		{B5BB238C-6DBB-4E23-92F8-B6EE06869342}.Release|Any CPU.Deploy.0 = Release|Any CPU
		{B5BB238C-6DBB-4E23-92F8-B6EE06869342}.Release|ARM.ActiveCfg = Release|ARM
		{B5BB238C-6DBB-4E23-92F8-B6EE06869342}.Release|ARM.Build.0 = Release|ARM
		{B5BB238C-6DBB-4E23-92F8-B6EE06869342}.Release|ARM.Deploy.0 = Release|ARM
		{B5BB238C-6DBB-4E23-92F8-B6EE06869342}.Release|iPhone.ActiveCfg = Release|Any CPU
		{B5BB238C-6DBB-4E23-92F8-B6EE06869342}.Release|iPhone.Build.0 = Release|Any CPU
		{B5BB238C-6DBB-4E23-92F8-B6EE06869342}.Release|iPhone.Deploy.0 = Release|Any CPU
		{B5BB238C-6DBB-4E23-92F8-B6EE06869342}.Release|iPhoneSimulator.ActiveCfg = Release|Any CPU
		{B5BB238C-6DBB-4E23-92F8-B6EE06869342}.Release|iPhoneSimulator.Build.0 = Release|Any CPU
		{B5BB238C-6DBB-4E23-92F8-B6EE06869342}.Release|iPhoneSimulator.Deploy.0 = Release|Any CPU
		{B5BB238C-6DBB-4E23-92F8-B6EE06869342}.Release|x64.ActiveCfg = Release|x64
		{B5BB238C-6DBB-4E23-92F8-B6EE06869342}.Release|x64.Build.0 = Release|x64
		{B5BB238C-6DBB-4E23-92F8-B6EE06869342}.Release|x64.Deploy.0 = Release|x64
		{B5BB238C-6DBB-4E23-92F8-B6EE06869342}.Release|x86.ActiveCfg = Release|x86
		{B5BB238C-6DBB-4E23-92F8-B6EE06869342}.Release|x86.Build.0 = Release|x86
		{B5BB238C-6DBB-4E23-92F8-B6EE06869342}.Release|x86.Deploy.0 = Release|x86
	EndGlobalSection
	GlobalSection(SolutionProperties) = preSolution
		HideSolutionNode = FALSE
	EndGlobalSection
EndGlobal
